{
  "name": "node-red-contrib-alphacate",
  "version": "1.0.0",
  "lockfileVersion": 2,
  "requires": true,
  "packages": {
    "": {
      "version": "1.0.0",
      "license": "MIT",
      "dependencies": {
        "alphacate": "github:mdkrieg/alphacate"
      }
    },
    "../alphacate": {
      "version": "0.4.1",
      "extraneous": true,
      "license": "MIT",
      "dependencies": {
        "bankers-rounding": "0.x",
        "convert-hrtime": "3.x",
        "underscore": "1.8.x"
      },
      "devDependencies": {
        "chai": "4.0.x",
        "chai-fs": "1.0.x",
        "mocha": "6.2.x",
        "nyc": "15.0.x"
      },
      "engines": {
        "node": ">=10"
      }
    },
    "node_modules/alphacate": {
      "version": "0.4.1",
      "resolved": "git+ssh://git@github.com/mdkrieg/alphacate.git#94d1398ee744622694d52bf11d1c6e10de494555",
      "license": "MIT",
      "dependencies": {
        "bankers-rounding": "0.x",
        "convert-hrtime": "3.x",
        "underscore": "1.8.x"
      },
      "engines": {
        "node": ">=10"
      }
    },
    "node_modules/bankers-rounding": {
      "version": "0.1.3",
      "resolved": "https://registry.npmjs.org/bankers-rounding/-/bankers-rounding-0.1.3.tgz",
      "integrity": "sha1-34KqdeHZoDIRvRNThPgM+rpwGes="
    },
    "node_modules/convert-hrtime": {
      "version": "3.0.0",
      "resolved": "https://registry.npmjs.org/convert-hrtime/-/convert-hrtime-3.0.0.tgz",
      "integrity": "sha512-7V+KqSvMiHp8yWDuwfww06XleMWVVB9b9tURBx+G7UTADuo5hYPuowKloz4OzOqbPezxgo+fdQ1522WzPG4OeA==",
      "engines": {
        "node": ">=8"
      }
    },
    "node_modules/underscore": {
      "version": "1.8.3",
      "resolved": "https://registry.npmjs.org/underscore/-/underscore-1.8.3.tgz",
      "integrity": "sha1-Tz+1OxBuYJf8+ctBCfKl6b36UCI="
    }
  },
  "dependencies": {
    "alphacate": {
      "version": "git+ssh://git@github.com/mdkrieg/alphacate.git#94d1398ee744622694d52bf11d1c6e10de494555",
      "from": "alphacate@github:mdkrieg/alphacate",
      "requires": {
        "bankers-rounding": "0.x",
        "convert-hrtime": "3.x",
        "underscore": "1.8.x"
      }
    },
    "bankers-rounding": {
      "version": "0.1.3",
      "resolved": "https://registry.npmjs.org/bankers-rounding/-/bankers-rounding-0.1.3.tgz",
      "integrity": "sha1-34KqdeHZoDIRvRNThPgM+rpwGes="
    },
    "convert-hrtime": {
      "version": "3.0.0",
      "resolved": "https://registry.npmjs.org/convert-hrtime/-/convert-hrtime-3.0.0.tgz",
      "integrity": "sha512-7V+KqSvMiHp8yWDuwfww06XleMWVVB9b9tURBx+G7UTADuo5hYPuowKloz4OzOqbPezxgo+fdQ1522WzPG4OeA=="
    },
    "underscore": {
      "version": "1.8.3",
      "resolved": "https://registry.npmjs.org/underscore/-/underscore-1.8.3.tgz",
      "integrity": "sha1-Tz+1OxBuYJf8+ctBCfKl6b36UCI="
    }
  }
}
